// !$*UTF8*$!
{
	archiveVersion = 1;
	classes = {
	};
	objectVersion = 56;
	objects = {

/* Begin PBXBuildFile section */
		D9E5ADB22934C78B00B08C7B /* CodingTestApp.swift in Sources */ = {isa = PBXBuildFile; fileRef = D9E5ADB12934C78B00B08C7B /* CodingTestApp.swift */; };
		D9E5ADB62934C78C00B08C7B /* Assets.xcassets in Resources */ = {isa = PBXBuildFile; fileRef = D9E5ADB52934C78C00B08C7B /* Assets.xcassets */; };
		D9E5ADB92934C78C00B08C7B /* Preview Assets.xcassets in Resources */ = {isa = PBXBuildFile; fileRef = D9E5ADB82934C78C00B08C7B /* Preview Assets.xcassets */; };
		D9E5ADBB2934C78C00B08C7B /* Persistence.swift in Sources */ = {isa = PBXBuildFile; fileRef = D9E5ADBA2934C78C00B08C7B /* Persistence.swift */; };
		D9E5ADBE2934C78C00B08C7B /* CodingTest.xcdatamodeld in Sources */ = {isa = PBXBuildFile; fileRef = D9E5ADBC2934C78C00B08C7B /* CodingTest.xcdatamodeld */; };
		D9E5ADCE2934C9CA00B08C7B /* FlickrDataModel.swift in Sources */ = {isa = PBXBuildFile; fileRef = D9E5ADCD2934C9CA00B08C7B /* FlickrDataModel.swift */; };
		DBDF41602934F236000992FD /* APILoaderService.swift in Sources */ = {isa = PBXBuildFile; fileRef = DBDF415F2934F236000992FD /* APILoaderService.swift */; };
		DBDF41642934F6FC000992FD /* PhotoSearchView.swift in Sources */ = {isa = PBXBuildFile; fileRef = DBDF41632934F6FC000992FD /* PhotoSearchView.swift */; };
		DBDF41662934F951000992FD /* SearchResultsViewModel.swift in Sources */ = {isa = PBXBuildFile; fileRef = DBDF41652934F951000992FD /* SearchResultsViewModel.swift */; };
		DBDF41722935570D000992FD /* ImageResultsViewModel.swift in Sources */ = {isa = PBXBuildFile; fileRef = DBDF41712935570D000992FD /* ImageResultsViewModel.swift */; };
		DBDF417429355745000992FD /* ImageResultView.swift in Sources */ = {isa = PBXBuildFile; fileRef = DBDF417329355745000992FD /* ImageResultView.swift */; };
		DBDF417729355860000992FD /* SingleImageView.swift in Sources */ = {isa = PBXBuildFile; fileRef = DBDF417629355860000992FD /* SingleImageView.swift */; };
		DBDF417A29361DBE000992FD /* CacheManager.swift in Sources */ = {isa = PBXBuildFile; fileRef = DBDF417929361DBE000992FD /* CacheManager.swift */; };
		DBDF417C29364050000992FD /* MainTabView.swift in Sources */ = {isa = PBXBuildFile; fileRef = DBDF417B29364050000992FD /* MainTabView.swift */; };
		DBDF417E2936410A000992FD /* ProfileView.swift in Sources */ = {isa = PBXBuildFile; fileRef = DBDF417D2936410A000992FD /* ProfileView.swift */; };
		DBDF418329364732000992FD /* PickedPhotoView.swift in Sources */ = {isa = PBXBuildFile; fileRef = DBDF418229364732000992FD /* PickedPhotoView.swift */; };
/* End PBXBuildFile section */

/* Begin PBXFileReference section */
		D9E5ADAE2934C78B00B08C7B /* CodingTest.app */ = {isa = PBXFileReference; explicitFileType = wrapper.application; includeInIndex = 0; path = CodingTest.app; sourceTree = BUILT_PRODUCTS_DIR; };
		D9E5ADB12934C78B00B08C7B /* CodingTestApp.swift */ = {isa = PBXFileReference; lastKnownFileType = sourcecode.swift; path = CodingTestApp.swift; sourceTree = "<group>"; };
		D9E5ADB52934C78C00B08C7B /* Assets.xcassets */ = {isa = PBXFileReference; lastKnownFileType = folder.assetcatalog; path = Assets.xcassets; sourceTree = "<group>"; };
		D9E5ADB82934C78C00B08C7B /* Preview Assets.xcassets */ = {isa = PBXFileReference; lastKnownFileType = folder.assetcatalog; path = "Preview Assets.xcassets"; sourceTree = "<group>"; };
		D9E5ADBA2934C78C00B08C7B /* Persistence.swift */ = {isa = PBXFileReference; lastKnownFileType = sourcecode.swift; path = Persistence.swift; sourceTree = "<group>"; };
		D9E5ADBD2934C78C00B08C7B /* CodingTest.xcdatamodel */ = {isa = PBXFileReference; lastKnownFileType = wrapper.xcdatamodel; path = CodingTest.xcdatamodel; sourceTree = "<group>"; };
		D9E5ADCD2934C9CA00B08C7B /* FlickrDataModel.swift */ = {isa = PBXFileReference; lastKnownFileType = sourcecode.swift; path = FlickrDataModel.swift; sourceTree = "<group>"; };
		DBDF415F2934F236000992FD /* APILoaderService.swift */ = {isa = PBXFileReference; lastKnownFileType = sourcecode.swift; path = APILoaderService.swift; sourceTree = "<group>"; };
		DBDF41632934F6FC000992FD /* PhotoSearchView.swift */ = {isa = PBXFileReference; lastKnownFileType = sourcecode.swift; path = PhotoSearchView.swift; sourceTree = "<group>"; };
		DBDF41652934F951000992FD /* SearchResultsViewModel.swift */ = {isa = PBXFileReference; lastKnownFileType = sourcecode.swift; path = SearchResultsViewModel.swift; sourceTree = "<group>"; };
		DBDF41712935570D000992FD /* ImageResultsViewModel.swift */ = {isa = PBXFileReference; lastKnownFileType = sourcecode.swift; path = ImageResultsViewModel.swift; sourceTree = "<group>"; };
		DBDF417329355745000992FD /* ImageResultView.swift */ = {isa = PBXFileReference; lastKnownFileType = sourcecode.swift; path = ImageResultView.swift; sourceTree = "<group>"; };
		DBDF417629355860000992FD /* SingleImageView.swift */ = {isa = PBXFileReference; lastKnownFileType = sourcecode.swift; path = SingleImageView.swift; sourceTree = "<group>"; };
		DBDF417929361DBE000992FD /* CacheManager.swift */ = {isa = PBXFileReference; lastKnownFileType = sourcecode.swift; path = CacheManager.swift; sourceTree = "<group>"; };
		DBDF417B29364050000992FD /* MainTabView.swift */ = {isa = PBXFileReference; lastKnownFileType = sourcecode.swift; path = MainTabView.swift; sourceTree = "<group>"; };
		DBDF417D2936410A000992FD /* ProfileView.swift */ = {isa = PBXFileReference; lastKnownFileType = sourcecode.swift; path = ProfileView.swift; sourceTree = "<group>"; };
		DBDF418229364732000992FD /* PickedPhotoView.swift */ = {isa = PBXFileReference; lastKnownFileType = sourcecode.swift; path = PickedPhotoView.swift; sourceTree = "<group>"; };
/* End PBXFileReference section */

/* Begin PBXFrameworksBuildPhase section */
		D9E5ADAB2934C78B00B08C7B /* Frameworks */ = {
			isa = PBXFrameworksBuildPhase;
			buildActionMask = 2147483647;
			files = (
			);
			runOnlyForDeploymentPostprocessing = 0;
		};
/* End PBXFrameworksBuildPhase section */

/* Begin PBXGroup section */
		D9E5ADA52934C78B00B08C7B = {
			isa = PBXGroup;
			children = (
				D9E5ADB02934C78B00B08C7B /* CodingTest */,
				D9E5ADAF2934C78B00B08C7B /* Products */,
			);
			sourceTree = "<group>";
		};
		D9E5ADAF2934C78B00B08C7B /* Products */ = {
			isa = PBXGroup;
			children = (
				D9E5ADAE2934C78B00B08C7B /* CodingTest.app */,
			);
			name = Products;
			sourceTree = "<group>";
		};
		D9E5ADB02934C78B00B08C7B /* CodingTest */ = {
			isa = PBXGroup;
			children = (
				D9E5ADC52934C88700B08C7B /* Utilities */,
				D9E5ADC82934C8B800B08C7B /* Models */,
				DBDF41612934F6AF000992FD /* ViewModels */,
				DBDF41622934F6BA000992FD /* Views */,
				D9E5ADC42934C87E00B08C7B /* CoreData */,
				D9E5ADB12934C78B00B08C7B /* CodingTestApp.swift */,
				D9E5ADB52934C78C00B08C7B /* Assets.xcassets */,
				D9E5ADB72934C78C00B08C7B /* Preview Content */,
			);
			path = CodingTest;
			sourceTree = "<group>";
		};
		D9E5ADB72934C78C00B08C7B /* Preview Content */ = {
			isa = PBXGroup;
			children = (
				D9E5ADB82934C78C00B08C7B /* Preview Assets.xcassets */,
			);
			path = "Preview Content";
			sourceTree = "<group>";
		};
		D9E5ADC42934C87E00B08C7B /* CoreData */ = {
			isa = PBXGroup;
			children = (
				D9E5ADBA2934C78C00B08C7B /* Persistence.swift */,
				D9E5ADBC2934C78C00B08C7B /* CodingTest.xcdatamodeld */,
			);
			path = CoreData;
			sourceTree = "<group>";
		};
		D9E5ADC52934C88700B08C7B /* Utilities */ = {
			isa = PBXGroup;
			children = (
				DBDF417829361D96000992FD /* Managers */,
				DBDF415E2934F21D000992FD /* Services */,
			);
			path = Utilities;
			sourceTree = "<group>";
		};
		D9E5ADC82934C8B800B08C7B /* Models */ = {
			isa = PBXGroup;
			children = (
				D9E5ADCD2934C9CA00B08C7B /* FlickrDataModel.swift */,
			);
			path = Models;
			sourceTree = "<group>";
		};
		DBDF415E2934F21D000992FD /* Services */ = {
			isa = PBXGroup;
			children = (
				DBDF415F2934F236000992FD /* APILoaderService.swift */,
			);
			path = Services;
			sourceTree = "<group>";
		};
		DBDF41612934F6AF000992FD /* ViewModels */ = {
			isa = PBXGroup;
			children = (
				DBDF41652934F951000992FD /* SearchResultsViewModel.swift */,
				DBDF41712935570D000992FD /* ImageResultsViewModel.swift */,
			);
			path = ViewModels;
			sourceTree = "<group>";
		};
		DBDF41622934F6BA000992FD /* Views */ = {
			isa = PBXGroup;
			children = (
				DBDF41632934F6FC000992FD /* PhotoSearchView.swift */,
				DBDF417329355745000992FD /* ImageResultView.swift */,
				DBDF417629355860000992FD /* SingleImageView.swift */,
				DBDF417B29364050000992FD /* MainTabView.swift */,
				DBDF417D2936410A000992FD /* ProfileView.swift */,
				DBDF418229364732000992FD /* PickedPhotoView.swift */,
			);
			path = Views;
			sourceTree = "<group>";
		};
		DBDF417829361D96000992FD /* Managers */ = {
			isa = PBXGroup;
			children = (
				DBDF417929361DBE000992FD /* CacheManager.swift */,
			);
			path = Managers;
			sourceTree = "<group>";
		};
/* End PBXGroup section */

/* Begin PBXNativeTarget section */
		D9E5ADAD2934C78B00B08C7B /* CodingTest */ = {
			isa = PBXNativeTarget;
			buildConfigurationList = D9E5ADC12934C78C00B08C7B /* Build configuration list for PBXNativeTarget "CodingTest" */;
			buildPhases = (
				D9E5ADAA2934C78B00B08C7B /* Sources */,
				D9E5ADAB2934C78B00B08C7B /* Frameworks */,
				D9E5ADAC2934C78B00B08C7B /* Resources */,
			);
			buildRules = (
			);
			dependencies = (
			);
			name = CodingTest;
			productName = CodingTest;
			productReference = D9E5ADAE2934C78B00B08C7B /* CodingTest.app */;
			productType = "com.apple.product-type.application";
		};
/* End PBXNativeTarget section */

/* Begin PBXProject section */
		D9E5ADA62934C78B00B08C7B /* Project object */ = {
			isa = PBXProject;
			attributes = {
				BuildIndependentTargetsInParallel = 1;
				LastSwiftUpdateCheck = 1410;
				LastUpgradeCheck = 1410;
				TargetAttributes = {
					D9E5ADAD2934C78B00B08C7B = {
						CreatedOnToolsVersion = 14.1;
					};
				};
			};
			buildConfigurationList = D9E5ADA92934C78B00B08C7B /* Build configuration list for PBXProject "CodingTest" */;
			compatibilityVersion = "Xcode 14.0";
			developmentRegion = en;
			hasScannedForEncodings = 0;
			knownRegions = (
				en,
				Base,
			);
			mainGroup = D9E5ADA52934C78B00B08C7B;
			productRefGroup = D9E5ADAF2934C78B00B08C7B /* Products */;
			projectDirPath = "";
			projectRoot = "";
			targets = (
				D9E5ADAD2934C78B00B08C7B /* CodingTest */,
			);
		};
/* End PBXProject section */

/* Begin PBXResourcesBuildPhase section */
		D9E5ADAC2934C78B00B08C7B /* Resources */ = {
			isa = PBXResourcesBuildPhase;
			buildActionMask = 2147483647;
			files = (
				D9E5ADB92934C78C00B08C7B /* Preview Assets.xcassets in Resources */,
				D9E5ADB62934C78C00B08C7B /* Assets.xcassets in Resources */,
			);
			runOnlyForDeploymentPostprocessing = 0;
		};
/* End PBXResourcesBuildPhase section */

/* Begin PBXSourcesBuildPhase section */
		D9E5ADAA2934C78B00B08C7B /* Sources */ = {
			isa = PBXSourcesBuildPhase;
			buildActionMask = 2147483647;
			files = (
				DBDF417729355860000992FD /* SingleImageView.swift in Sources */,
				DBDF417E2936410A000992FD /* ProfileView.swift in Sources */,
				D9E5ADBB2934C78C00B08C7B /* Persistence.swift in Sources */,
				DBDF418329364732000992FD /* PickedPhotoView.swift in Sources */,
				D9E5ADCE2934C9CA00B08C7B /* FlickrDataModel.swift in Sources */,
				DBDF417429355745000992FD /* ImageResultView.swift in Sources */,
				DBDF41602934F236000992FD /* APILoaderService.swift in Sources */,
				D9E5ADB22934C78B00B08C7B /* CodingTestApp.swift in Sources */,
				DBDF417A29361DBE000992FD /* CacheManager.swift in Sources */,
				DBDF41662934F951000992FD /* SearchResultsViewModel.swift in Sources */,
				D9E5ADBE2934C78C00B08C7B /* CodingTest.xcdatamodeld in Sources */,
				DBDF41642934F6FC000992FD /* PhotoSearchView.swift in Sources */,
				DBDF41722935570D000992FD /* ImageResultsViewModel.swift in Sources */,
				DBDF417C29364050000992FD /* MainTabView.swift in Sources */,
			);
			runOnlyForDeploymentPostprocessing = 0;
		};
/* End PBXSourcesBuildPhase section */

/* Begin XCBuildConfiguration section */
		D9E5ADBF2934C78C00B08C7B /* Debug */ = {
			isa = XCBuildConfiguration;
			buildSettings = {
				ALWAYS_SEARCH_USER_PATHS = NO;
				CLANG_ANALYZER_NONNULL = YES;
				CLANG_ANALYZER_NUMBER_OBJECT_CONVERSION = YES_AGGRESSIVE;
				CLANG_CXX_LANGUAGE_STANDARD = "gnu++20";
				CLANG_ENABLE_MODULES = YES;
				CLANG_ENABLE_OBJC_ARC = YES;
				CLANG_ENABLE_OBJC_WEAK = YES;
				CLANG_WARN_BLOCK_CAPTURE_AUTORELEASING = YES;
				CLANG_WARN_BOOL_CONVERSION = YES;
				CLANG_WARN_COMMA = YES;
				CLANG_WARN_CONSTANT_CONVERSION = YES;
				CLANG_WARN_DEPRECATED_OBJC_IMPLEMENTATIONS = YES;
				CLANG_WARN_DIRECT_OBJC_ISA_USAGE = YES_ERROR;
				CLANG_WARN_DOCUMENTATION_COMMENTS = YES;
				CLANG_WARN_EMPTY_BODY = YES;
				CLANG_WARN_ENUM_CONVERSION = YES;
				CLANG_WARN_INFINITE_RECURSION = YES;
				CLANG_WARN_INT_CONVERSION = YES;
				CLANG_WARN_NON_LITERAL_NULL_CONVERSION = YES;
				CLANG_WARN_OBJC_IMPLICIT_RETAIN_SELF = YES;
				CLANG_WARN_OBJC_LITERAL_CONVERSION = YES;
				CLANG_WARN_OBJC_ROOT_CLASS = YES_ERROR;
				CLANG_WARN_QUOTED_INCLUDE_IN_FRAMEWORK_HEADER = YES;
				CLANG_WARN_RANGE_LOOP_ANALYSIS = YES;
				CLANG_WARN_STRICT_PROTOTYPES = YES;
				CLANG_WARN_SUSPICIOUS_MOVE = YES;
				CLANG_WARN_UNGUARDED_AVAILABILITY = YES_AGGRESSIVE;
				CLANG_WARN_UNREACHABLE_CODE = YES;
				CLANG_WARN__DUPLICATE_METHOD_MATCH = YES;
				COPY_PHASE_STRIP = NO;
				DEBUG_INFORMATION_FORMAT = dwarf;
				ENABLE_STRICT_OBJC_MSGSEND = YES;
				ENABLE_TESTABILITY = YES;
				GCC_C_LANGUAGE_STANDARD = gnu11;
				GCC_DYNAMIC_NO_PIC = NO;
				GCC_NO_COMMON_BLOCKS = YES;
				GCC_OPTIMIZATION_LEVEL = 0;
				GCC_PREPROCESSOR_DEFINITIONS = (
					"DEBUG=1",
					"$(inherited)",
				);
				GCC_WARN_64_TO_32_BIT_CONVERSION = YES;
				GCC_WARN_ABOUT_RETURN_TYPE = YES_ERROR;
				GCC_WARN_UNDECLARED_SELECTOR = YES;
				GCC_WARN_UNINITIALIZED_AUTOS = YES_AGGRESSIVE;
				GCC_WARN_UNUSED_FUNCTION = YES;
				GCC_WARN_UNUSED_VARIABLE = YES;
				IPHONEOS_DEPLOYMENT_TARGET = 16.1;
				MTL_ENABLE_DEBUG_INFO = INCLUDE_SOURCE;
				MTL_FAST_MATH = YES;
				ONLY_ACTIVE_ARCH = YES;
				SDKROOT = iphoneos;
				SWIFT_ACTIVE_COMPILATION_CONDITIONS = DEBUG;
				SWIFT_OPTIMIZATION_LEVEL = "-Onone";
			};
			name = Debug;
		};
		D9E5ADC02934C78C00B08C7B /* Release */ = {
			isa = XCBuildConfiguration;
			buildSettings = {
				ALWAYS_SEARCH_USER_PATHS = NO;
				CLANG_ANALYZER_NONNULL = YES;
				CLANG_ANALYZER_NUMBER_OBJECT_CONVERSION = YES_AGGRESSIVE;
				CLANG_CXX_LANGUAGE_STANDARD = "gnu++20";
				CLANG_ENABLE_MODULES = YES;
				CLANG_ENABLE_OBJC_ARC = YES;
				CLANG_ENABLE_OBJC_WEAK = YES;
				CLANG_WARN_BLOCK_CAPTURE_AUTORELEASING = YES;
				CLANG_WARN_BOOL_CONVERSION = YES;
				CLANG_WARN_COMMA = YES;
				CLANG_WARN_CONSTANT_CONVERSION = YES;
				CLANG_WARN_DEPRECATED_OBJC_IMPLEMENTATIONS = YES;
				CLANG_WARN_DIRECT_OBJC_ISA_USAGE = YES_ERROR;
				CLANG_WARN_DOCUMENTATION_COMMENTS = YES;
				CLANG_WARN_EMPTY_BODY = YES;
				CLANG_WARN_ENUM_CONVERSION = YES;
				CLANG_WARN_INFINITE_RECURSION = YES;
				CLANG_WARN_INT_CONVERSION = YES;
				CLANG_WARN_NON_LITERAL_NULL_CONVERSION = YES;
				CLANG_WARN_OBJC_IMPLICIT_RETAIN_SELF = YES;
				CLANG_WARN_OBJC_LITERAL_CONVERSION = YES;
				CLANG_WARN_OBJC_ROOT_CLASS = YES_ERROR;
				CLANG_WARN_QUOTED_INCLUDE_IN_FRAMEWORK_HEADER = YES;
				CLANG_WARN_RANGE_LOOP_ANALYSIS = YES;
				CLANG_WARN_STRICT_PROTOTYPES = YES;
				CLANG_WARN_SUSPICIOUS_MOVE = YES;
				CLANG_WARN_UNGUARDED_AVAILABILITY = YES_AGGRESSIVE;
				CLANG_WARN_UNREACHABLE_CODE = YES;
				CLANG_WARN__DUPLICATE_METHOD_MATCH = YES;
				COPY_PHASE_STRIP = NO;
				DEBUG_INFORMATION_FORMAT = "dwarf-with-dsym";
				ENABLE_NS_ASSERTIONS = NO;
				ENABLE_STRICT_OBJC_MSGSEND = YES;
				GCC_C_LANGUAGE_STANDARD = gnu11;
				GCC_NO_COMMON_BLOCKS = YES;
				GCC_WARN_64_TO_32_BIT_CONVERSION = YES;
				GCC_WARN_ABOUT_RETURN_TYPE = YES_ERROR;
				GCC_WARN_UNDECLARED_SELECTOR = YES;
				GCC_WARN_UNINITIALIZED_AUTOS = YES_AGGRESSIVE;
				GCC_WARN_UNUSED_FUNCTION = YES;
				GCC_WARN_UNUSED_VARIABLE = YES;
				IPHONEOS_DEPLOYMENT_TARGET = 16.1;
				MTL_ENABLE_DEBUG_INFO = NO;
				MTL_FAST_MATH = YES;
				SDKROOT = iphoneos;
				SWIFT_COMPILATION_MODE = wholemodule;
				SWIFT_OPTIMIZATION_LEVEL = "-O";
				VALIDATE_PRODUCT = YES;
			};
			name = Release;
		};
		D9E5ADC22934C78C00B08C7B /* Debug */ = {
			isa = XCBuildConfiguration;
			buildSettings = {
				ASSETCATALOG_COMPILER_APPICON_NAME = AppIcon;
				ASSETCATALOG_COMPILER_GLOBAL_ACCENT_COLOR_NAME = AccentColor;
				CODE_SIGN_STYLE = Automatic;
				CURRENT_PROJECT_VERSION = 1;
				DEVELOPMENT_ASSET_PATHS = "\"CodingTest/Preview Content\"";
				DEVELOPMENT_TEAM = M46F4B7U6P;
				ENABLE_PREVIEWS = YES;
				GENERATE_INFOPLIST_FILE = YES;
				INFOPLIST_KEY_UIApplicationSceneManifest_Generation = YES;
				INFOPLIST_KEY_UIApplicationSupportsIndirectInputEvents = YES;
				INFOPLIST_KEY_UILaunchScreen_Generation = YES;
				INFOPLIST_KEY_UISupportedInterfaceOrientations_iPad = "UIInterfaceOrientationPortrait UIInterfaceOrientationPortraitUpsideDown UIInterfaceOrientationLandscapeLeft UIInterfaceOrientationLandscapeRight";
				INFOPLIST_KEY_UISupportedInterfaceOrientations_iPhone = "UIInterfaceOrientationPortrait UIInterfaceOrientationLandscapeLeft UIInterfaceOrientationLandscapeRight";
				LD_RUNPATH_SEARCH_PATHS = (
					"$(inherited)",
					"@executable_path/Frameworks",
				);
				MARKETING_VERSION = 1.0;
				PRODUCT_BUNDLE_IDENTIFIER = com.david.CodingTest;
				PRODUCT_NAME = "$(TARGET_NAME)";
				SWIFT_EMIT_LOC_STRINGS = YES;
				SWIFT_VERSION = 5.0;
				TARGETED_DEVICE_FAMILY = "1,2";
			};
			name = Debug;
		};
		D9E5ADC32934C78C00B08C7B /* Release */ = {
			isa = XCBuildConfiguration;
			buildSettings = {
				ASSETCATALOG_COMPILER_APPICON_NAME = AppIcon;
				ASSETCATALOG_COMPILER_GLOBAL_ACCENT_COLOR_NAME = AccentColor;
				CODE_SIGN_STYLE = Automatic;
				CURRENT_PROJECT_VERSION = 1;
				DEVELOPMENT_ASSET_PATHS = "\"CodingTest/Preview Content\"";
				DEVELOPMENT_TEAM = M46F4B7U6P;
				ENABLE_PREVIEWS = YES;
				GENERATE_INFOPLIST_FILE = YES;
				INFOPLIST_KEY_UIApplicationSceneManifest_Generation = YES;
				INFOPLIST_KEY_UIApplicationSupportsIndirectInputEvents = YES;
				INFOPLIST_KEY_UILaunchScreen_Generation = YES;
				INFOPLIST_KEY_UISupportedInterfaceOrientations_iPad = "UIInterfaceOrientationPortrait UIInterfaceOrientationPortraitUpsideDown UIInterfaceOrientationLandscapeLeft UIInterfaceOrientationLandscapeRight";
				INFOPLIST_KEY_UISupportedInterfaceOrientations_iPhone = "UIInterfaceOrientationPortrait UIInterfaceOrientationLandscapeLeft UIInterfaceOrientationLandscapeRight";
				LD_RUNPATH_SEARCH_PATHS = (
					"$(inherited)",
					"@executable_path/Frameworks",
				);
				MARKETING_VERSION = 1.0;
				PRODUCT_BUNDLE_IDENTIFIER = com.david.CodingTest;
				PRODUCT_NAME = "$(TARGET_NAME)";
				SWIFT_EMIT_LOC_STRINGS = YES;
				SWIFT_VERSION = 5.0;
				TARGETED_DEVICE_FAMILY = "1,2";
			};
			name = Release;
		};
/* End XCBuildConfiguration section */

/* Begin XCConfigurationList section */
		D9E5ADA92934C78B00B08C7B /* Build configuration list for PBXProject "CodingTest" */ = {
			isa = XCConfigurationList;
			buildConfigurations = (
				D9E5ADBF2934C78C00B08C7B /* Debug */,
				D9E5ADC02934C78C00B08C7B /* Release */,
			);
			defaultConfigurationIsVisible = 0;
			defaultConfigurationName = Release;
		};
		D9E5ADC12934C78C00B08C7B /* Build configuration list for PBXNativeTarget "CodingTest" */ = {
			isa = XCConfigurationList;
			buildConfigurations = (
				D9E5ADC22934C78C00B08C7B /* Debug */,
				D9E5ADC32934C78C00B08C7B /* Release */,
			);
			defaultConfigurationIsVisible = 0;
			defaultConfigurationName = Release;
		};
/* End XCConfigurationList section */

/* Begin XCVersionGroup section */
		D9E5ADBC2934C78C00B08C7B /* CodingTest.xcdatamodeld */ = {
			isa = XCVersionGroup;
			children = (
				D9E5ADBD2934C78C00B08C7B /* CodingTest.xcdatamodel */,
			);
			currentVersion = D9E5ADBD2934C78C00B08C7B /* CodingTest.xcdatamodel */;
			path = CodingTest.xcdatamodeld;
			sourceTree = "<group>";
			versionGroupType = wrapper.xcdatamodel;
		};
/* End XCVersionGroup section */
	};
	rootObject = D9E5ADA62934C78B00B08C7B /* Project object */;
}
